
Microsoft Visual Studio Solution File, Format Version 12.00
# Visual Studio Version 17
VisualStudioVersion = 17.6.33723.286
MinimumVisualStudioVersion = 10.0.40219.1
Project("{FAE04EC0-301F-11D3-BF4B-00C04F79EFBC}") = "Nydus2.0", "Nydus2.0.csproj", "{A2EE40DF-4B0A-4C75-A667-D2DC32810DBD}"
EndProject
Global
	GlobalSection(SolutionConfigurationPlatforms) = preSolution
		Debug|Any CPU = Debug|Any CPU
		Release|Any CPU = Release|Any CPU
	EndGlobalSection
	GlobalSection(ProjectConfigurationPlatforms) = postSolution
		{A2EE40DF-4B0A-4C75-A667-D2DC32810DBD}.Debug|Any CPU.ActiveCfg = Debug|Any CPU
		{A2EE40DF-4B0A-4C75-A667-D2DC32810DBD}.Debug|Any CPU.Build.0 = Debug|Any CPU
		{A2EE40DF-4B0A-4C75-A667-D2DC32810DBD}.Release|Any CPU.ActiveCfg = Release|Any CPU
		{A2EE40DF-4B0A-4C75-A667-D2DC32810DBD}.Release|Any CPU.Build.0 = Release|Any CPU
	EndGlobalSection
	GlobalSection(SolutionProperties) = preSolution
		HideSolutionNode = FALSE
	EndGlobalSection
	GlobalSection(ExtensibilityGlobals) = postSolution
		SolutionGuid = {EF43229D-A84B-421C-803A-F435067B742F}
	EndGlobalSection
EndGlobal
